// !$*UTF8*$!
{
	archiveVersion = 1;
	classes = {
	};
	objectVersion = 46;
	objects = {

/* Begin PBXBuildFile section */
		58C0137E31524C34B9DDFC64 /* libPods.a in Frameworks */ = {isa = PBXBuildFile; fileRef = 310D2245648B4ECC8FF0E53F /* libPods.a */; };
		F021E4F419C336A200C6765F /* createAccount.xib in Resources */ = {isa = PBXBuildFile; fileRef = F021E4F319C336A200C6765F /* createAccount.xib */; };
		F021E4F719C3381800C6765F /* createAccount.m in Sources */ = {isa = PBXBuildFile; fileRef = F021E4F619C3381800C6765F /* createAccount.m */; };
		F021E4F919C375B000C6765F /* takePicture.xib in Resources */ = {isa = PBXBuildFile; fileRef = F021E4F819C375B000C6765F /* takePicture.xib */; };
		F021E4FD19C375E100C6765F /* takePictureCV.m in Sources */ = {isa = PBXBuildFile; fileRef = F021E4FC19C375E100C6765F /* takePictureCV.m */; };
		F021E50019C3817A00C6765F /* dashboard-bg.png in Resources */ = {isa = PBXBuildFile; fileRef = F021E4FF19C3817A00C6765F /* dashboard-bg.png */; };
		F021E50319C3875B00C6765F /* dashboardVC.xib in Resources */ = {isa = PBXBuildFile; fileRef = F021E50219C3875B00C6765F /* dashboardVC.xib */; };
		F021E50619C3882400C6765F /* dashboardCV.m in Sources */ = {isa = PBXBuildFile; fileRef = F021E50519C3882400C6765F /* dashboardCV.m */; };
		F021E50819C3894900C6765F /* collapse3.png in Resources */ = {isa = PBXBuildFile; fileRef = F021E50719C3894900C6765F /* collapse3.png */; };
		F021E50A19C3899100C6765F /* arrow103.png in Resources */ = {isa = PBXBuildFile; fileRef = F021E50919C3899100C6765F /* arrow103.png */; };
		F021E50C19C38EB400C6765F /* arrow103bot.png in Resources */ = {isa = PBXBuildFile; fileRef = F021E50B19C38EB400C6765F /* arrow103bot.png */; };
		F021E51219C42F7E00C6765F /* grey_thumb_down.png in Resources */ = {isa = PBXBuildFile; fileRef = F021E50E19C42F7E00C6765F /* grey_thumb_down.png */; };
		F021E51319C42F7E00C6765F /* grey_thumb_up.png in Resources */ = {isa = PBXBuildFile; fileRef = F021E50F19C42F7E00C6765F /* grey_thumb_up.png */; };
		F021E51419C42F7E00C6765F /* thumb_down.png in Resources */ = {isa = PBXBuildFile; fileRef = F021E51019C42F7E00C6765F /* thumb_down.png */; };
		F021E51519C42F7E00C6765F /* thumb_up.png in Resources */ = {isa = PBXBuildFile; fileRef = F021E51119C42F7E00C6765F /* thumb_up.png */; };
		F021E51719C434F000C6765F /* social77.png in Resources */ = {isa = PBXBuildFile; fileRef = F021E51619C434F000C6765F /* social77.png */; };
		F021E51B19C43A3B00C6765F /* arrow408.png in Resources */ = {isa = PBXBuildFile; fileRef = F021E51A19C43A3B00C6765F /* arrow408.png */; };
		F021E52119C4528C00C6765F /* customMarker.m in Sources */ = {isa = PBXBuildFile; fileRef = F021E52019C4528C00C6765F /* customMarker.m */; };
		F021E52319C454CB00C6765F /* viewPostitCV.xib in Resources */ = {isa = PBXBuildFile; fileRef = F021E52219C454CB00C6765F /* viewPostitCV.xib */; };
		F021E52619C454F900C6765F /* viewPostit.m in Sources */ = {isa = PBXBuildFile; fileRef = F021E52519C454F900C6765F /* viewPostit.m */; };
		F052CC7219BF2D2C00A82D01 /* OpenCity-Logo.png in Resources */ = {isa = PBXBuildFile; fileRef = F052CC7119BF2D2C00A82D01 /* OpenCity-Logo.png */; };
		F052CC7419BF396F00A82D01 /* OpenCity-Icon.png in Resources */ = {isa = PBXBuildFile; fileRef = F052CC7319BF396F00A82D01 /* OpenCity-Icon.png */; };
		F052CCCB19BF3D8300A82D01 /* OpenCity-Icon-20.png in Resources */ = {isa = PBXBuildFile; fileRef = F052CCB819BF3D8300A82D01 /* OpenCity-Icon-20.png */; };
		F052CCCC19BF3D8300A82D01 /* OpenCity-Icon-29.png in Resources */ = {isa = PBXBuildFile; fileRef = F052CCB919BF3D8300A82D01 /* OpenCity-Icon-29.png */; };
		F052CCCD19BF3D8300A82D01 /* OpenCity-Icon-30.png in Resources */ = {isa = PBXBuildFile; fileRef = F052CCBA19BF3D8300A82D01 /* OpenCity-Icon-30.png */; };
		F052CCCE19BF3D8300A82D01 /* OpenCity-Icon-40.png in Resources */ = {isa = PBXBuildFile; fileRef = F052CCBB19BF3D8300A82D01 /* OpenCity-Icon-40.png */; };
		F052CCCF19BF3D8300A82D01 /* OpenCity-Icon-48.png in Resources */ = {isa = PBXBuildFile; fileRef = F052CCBC19BF3D8300A82D01 /* OpenCity-Icon-48.png */; };
		F052CCD019BF3D8300A82D01 /* OpenCity-Icon-50.png in Resources */ = {isa = PBXBuildFile; fileRef = F052CCBD19BF3D8300A82D01 /* OpenCity-Icon-50.png */; };
		F052CCD119BF3D8300A82D01 /* OpenCity-Icon-57.png in Resources */ = {isa = PBXBuildFile; fileRef = F052CCBE19BF3D8300A82D01 /* OpenCity-Icon-57.png */; };
		F052CCD219BF3D8300A82D01 /* OpenCity-Icon-58.png in Resources */ = {isa = PBXBuildFile; fileRef = F052CCBF19BF3D8300A82D01 /* OpenCity-Icon-58.png */; };
		F052CCD319BF3D8300A82D01 /* OpenCity-Icon-60.png in Resources */ = {isa = PBXBuildFile; fileRef = F052CCC019BF3D8300A82D01 /* OpenCity-Icon-60.png */; };
		F052CCD419BF3D8300A82D01 /* OpenCity-Icon-64.png in Resources */ = {isa = PBXBuildFile; fileRef = F052CCC119BF3D8300A82D01 /* OpenCity-Icon-64.png */; };
		F052CCD519BF3D8300A82D01 /* OpenCity-Icon-72.png in Resources */ = {isa = PBXBuildFile; fileRef = F052CCC219BF3D8300A82D01 /* OpenCity-Icon-72.png */; };
		F052CCD619BF3D8300A82D01 /* OpenCity-Icon-96.png in Resources */ = {isa = PBXBuildFile; fileRef = F052CCC319BF3D8300A82D01 /* OpenCity-Icon-96.png */; };
		F052CCD719BF3D8300A82D01 /* OpenCity-Icon-100.png in Resources */ = {isa = PBXBuildFile; fileRef = F052CCC419BF3D8300A82D01 /* OpenCity-Icon-100.png */; };
		F052CCD819BF3D8300A82D01 /* OpenCity-Icon-114.png in Resources */ = {isa = PBXBuildFile; fileRef = F052CCC519BF3D8300A82D01 /* OpenCity-Icon-114.png */; };
		F052CCD919BF3D8300A82D01 /* OpenCity-Icon-144.png in Resources */ = {isa = PBXBuildFile; fileRef = F052CCC619BF3D8300A82D01 /* OpenCity-Icon-144.png */; };
		F052CCDA19BF3D8300A82D01 /* OpenCity-Icon-320.png in Resources */ = {isa = PBXBuildFile; fileRef = F052CCC719BF3D8300A82D01 /* OpenCity-Icon-320.png */; };
		F052CCDB19BF3D8300A82D01 /* OpenCity-Icon-512.png in Resources */ = {isa = PBXBuildFile; fileRef = F052CCC819BF3D8300A82D01 /* OpenCity-Icon-512.png */; };
		F052CCDC19BF3D8300A82D01 /* OpenCity-Icon-640.png in Resources */ = {isa = PBXBuildFile; fileRef = F052CCC919BF3D8300A82D01 /* OpenCity-Icon-640.png */; };
		F052CCDD19BF3D8300A82D01 /* OpenCity-Icon-1024.png in Resources */ = {isa = PBXBuildFile; fileRef = F052CCCA19BF3D8300A82D01 /* OpenCity-Icon-1024.png */; };
		F052CCE319BF49F700A82D01 /* SWRevealViewController.m in Sources */ = {isa = PBXBuildFile; fileRef = F052CCE219BF49F700A82D01 /* SWRevealViewController.m */; };
		F052CCF019BF53F800A82D01 /* background.png in Resources */ = {isa = PBXBuildFile; fileRef = F052CCEF19BF53F800A82D01 /* background.png */; };
		F052CCF919C0365B00A82D01 /* tableVC.m in Sources */ = {isa = PBXBuildFile; fileRef = F052CCF819C0365B00A82D01 /* tableVC.m */; };
		F052CCFC19C03C8300A82D01 /* mainViewController.m in Sources */ = {isa = PBXBuildFile; fileRef = F052CCFB19C03C8300A82D01 /* mainViewController.m */; };
		F052CD0019C049F800A82D01 /* reveal-icon.png in Resources */ = {isa = PBXBuildFile; fileRef = F052CCFF19C049F800A82D01 /* reveal-icon.png */; };
		F052CD0219C04CC300A82D01 /* dashboard-icon.png in Resources */ = {isa = PBXBuildFile; fileRef = F052CD0119C04CC300A82D01 /* dashboard-icon.png */; };
		F052CD0419C0517B00A82D01 /* map.png in Resources */ = {isa = PBXBuildFile; fileRef = F052CD0319C0517B00A82D01 /* map.png */; };
		F052CD0619C0523800A82D01 /* placeholder.gif in Resources */ = {isa = PBXBuildFile; fileRef = F052CD0519C0523800A82D01 /* placeholder.gif */; };
		F052CD0C19C06F3E00A82D01 /* loginViewController.m in Sources */ = {isa = PBXBuildFile; fileRef = F052CD0B19C06F3E00A82D01 /* loginViewController.m */; };
		F052CD0E19C06F7800A82D01 /* backgroundLogin.jpg in Resources */ = {isa = PBXBuildFile; fileRef = F052CD0D19C06F7800A82D01 /* backgroundLogin.jpg */; };
		F0551FDC19C2E9FF001F817D /* addPostitCView.xib in Resources */ = {isa = PBXBuildFile; fileRef = F0551FDB19C2E9FF001F817D /* addPostitCView.xib */; };
		F0551FDF19C2EB4D001F817D /* addPostitCVxib.m in Sources */ = {isa = PBXBuildFile; fileRef = F0551FDE19C2EB4D001F817D /* addPostitCVxib.m */; };
		F0E2D00019BB394E000D22B6 /* Foundation.framework in Frameworks */ = {isa = PBXBuildFile; fileRef = F0E2CFFF19BB394E000D22B6 /* Foundation.framework */; };
		F0E2D00219BB394E000D22B6 /* CoreGraphics.framework in Frameworks */ = {isa = PBXBuildFile; fileRef = F0E2D00119BB394E000D22B6 /* CoreGraphics.framework */; };
		F0E2D00419BB394E000D22B6 /* UIKit.framework in Frameworks */ = {isa = PBXBuildFile; fileRef = F0E2D00319BB394E000D22B6 /* UIKit.framework */; };
		F0E2D00A19BB394E000D22B6 /* InfoPlist.strings in Resources */ = {isa = PBXBuildFile; fileRef = F0E2D00819BB394E000D22B6 /* InfoPlist.strings */; };
		F0E2D00C19BB394E000D22B6 /* main.m in Sources */ = {isa = PBXBuildFile; fileRef = F0E2D00B19BB394E000D22B6 /* main.m */; };
		F0E2D01019BB394E000D22B6 /* AppDelegate.m in Sources */ = {isa = PBXBuildFile; fileRef = F0E2D00F19BB394E000D22B6 /* AppDelegate.m */; };
		F0E2D01319BB394E000D22B6 /* Main.storyboard in Resources */ = {isa = PBXBuildFile; fileRef = F0E2D01119BB394E000D22B6 /* Main.storyboard */; };
		F0E2D01619BB394E000D22B6 /* ViewController.m in Sources */ = {isa = PBXBuildFile; fileRef = F0E2D01519BB394E000D22B6 /* ViewController.m */; };
		F0E2D01819BB394E000D22B6 /* Images.xcassets in Resources */ = {isa = PBXBuildFile; fileRef = F0E2D01719BB394E000D22B6 /* Images.xcassets */; };
		F0E2D01F19BB394E000D22B6 /* XCTest.framework in Frameworks */ = {isa = PBXBuildFile; fileRef = F0E2D01E19BB394E000D22B6 /* XCTest.framework */; };
		F0E2D02019BB394E000D22B6 /* Foundation.framework in Frameworks */ = {isa = PBXBuildFile; fileRef = F0E2CFFF19BB394E000D22B6 /* Foundation.framework */; };
		F0E2D02119BB394E000D22B6 /* UIKit.framework in Frameworks */ = {isa = PBXBuildFile; fileRef = F0E2D00319BB394E000D22B6 /* UIKit.framework */; };
		F0E2D02919BB394E000D22B6 /* InfoPlist.strings in Resources */ = {isa = PBXBuildFile; fileRef = F0E2D02719BB394E000D22B6 /* InfoPlist.strings */; };
		F0E2D02B19BB394E000D22B6 /* OpenCityTests.m in Sources */ = {isa = PBXBuildFile; fileRef = F0E2D02A19BB394E000D22B6 /* OpenCityTests.m */; };
		F0EE013119C1920D00C4EE2D /* AFNetworkActivityIndicatorManager.m in Sources */ = {isa = PBXBuildFile; fileRef = F0EE012119C1920D00C4EE2D /* AFNetworkActivityIndicatorManager.m */; };
		F0EE013219C1920D00C4EE2D /* UIActivityIndicatorView+AFNetworking.m in Sources */ = {isa = PBXBuildFile; fileRef = F0EE012319C1920D00C4EE2D /* UIActivityIndicatorView+AFNetworking.m */; };
		F0EE013319C1920D00C4EE2D /* UIAlertView+AFNetworking.m in Sources */ = {isa = PBXBuildFile; fileRef = F0EE012519C1920D00C4EE2D /* UIAlertView+AFNetworking.m */; };
		F0EE013419C1920D00C4EE2D /* UIButton+AFNetworking.m in Sources */ = {isa = PBXBuildFile; fileRef = F0EE012719C1920D00C4EE2D /* UIButton+AFNetworking.m */; };
		F0EE013519C1920D00C4EE2D /* UIImageView+AFNetworking.m in Sources */ = {isa = PBXBuildFile; fileRef = F0EE012919C1920D00C4EE2D /* UIImageView+AFNetworking.m */; };
		F0EE013619C1920D00C4EE2D /* UIProgressView+AFNetworking.m in Sources */ = {isa = PBXBuildFile; fileRef = F0EE012C19C1920D00C4EE2D /* UIProgressView+AFNetworking.m */; };
		F0EE013719C1920D00C4EE2D /* UIRefreshControl+AFNetworking.m in Sources */ = {isa = PBXBuildFile; fileRef = F0EE012E19C1920D00C4EE2D /* UIRefreshControl+AFNetworking.m */; };
		F0EE013819C1920D00C4EE2D /* UIWebView+AFNetworking.m in Sources */ = {isa = PBXBuildFile; fileRef = F0EE013019C1920D00C4EE2D /* UIWebView+AFNetworking.m */; };
		F0EE014C19C1921600C4EE2D /* AFHTTPRequestOperation.m in Sources */ = {isa = PBXBuildFile; fileRef = F0EE013A19C1921600C4EE2D /* AFHTTPRequestOperation.m */; };
		F0EE014D19C1921600C4EE2D /* AFHTTPRequestOperationManager.m in Sources */ = {isa = PBXBuildFile; fileRef = F0EE013C19C1921600C4EE2D /* AFHTTPRequestOperationManager.m */; };
		F0EE014E19C1921600C4EE2D /* AFHTTPSessionManager.m in Sources */ = {isa = PBXBuildFile; fileRef = F0EE013E19C1921600C4EE2D /* AFHTTPSessionManager.m */; };
		F0EE014F19C1921600C4EE2D /* AFNetworkReachabilityManager.m in Sources */ = {isa = PBXBuildFile; fileRef = F0EE014119C1921600C4EE2D /* AFNetworkReachabilityManager.m */; };
		F0EE015019C1921600C4EE2D /* AFSecurityPolicy.m in Sources */ = {isa = PBXBuildFile; fileRef = F0EE014319C1921600C4EE2D /* AFSecurityPolicy.m */; };
		F0EE015119C1921600C4EE2D /* AFURLConnectionOperation.m in Sources */ = {isa = PBXBuildFile; fileRef = F0EE014519C1921600C4EE2D /* AFURLConnectionOperation.m */; };
		F0EE015219C1921600C4EE2D /* AFURLRequestSerialization.m in Sources */ = {isa = PBXBuildFile; fileRef = F0EE014719C1921600C4EE2D /* AFURLRequestSerialization.m */; };
		F0EE015319C1921600C4EE2D /* AFURLResponseSerialization.m in Sources */ = {isa = PBXBuildFile; fileRef = F0EE014919C1921600C4EE2D /* AFURLResponseSerialization.m */; };
		F0EE015419C1921600C4EE2D /* AFURLSessionManager.m in Sources */ = {isa = PBXBuildFile; fileRef = F0EE014B19C1921600C4EE2D /* AFURLSessionManager.m */; };
		F0EE015B19C19BE500C4EE2D /* mapView.m in Sources */ = {isa = PBXBuildFile; fileRef = F0EE015A19C19BE500C4EE2D /* mapView.m */; };
		F0EE016019C1B40C00C4EE2D /* dataClass.m in Sources */ = {isa = PBXBuildFile; fileRef = F0EE015F19C1B40C00C4EE2D /* dataClass.m */; };
		F0EE016919C1C0D800C4EE2D /* locationVC.m in Sources */ = {isa = PBXBuildFile; fileRef = F0EE016819C1C0D800C4EE2D /* locationVC.m */; };
		F0EE016D19C1CBF700C4EE2D /* lyon-partdieu.gpx in Resources */ = {isa = PBXBuildFile; fileRef = F0EE016C19C1CBF700C4EE2D /* lyon-partdieu.gpx */; };
		F0EE016F19C1DC2C00C4EE2D /* login-bg.jpg in Resources */ = {isa = PBXBuildFile; fileRef = F0EE016E19C1DC2C00C4EE2D /* login-bg.jpg */; };
		F0EE017219C1E04000C4EE2D /* addPostit.m in Sources */ = {isa = PBXBuildFile; fileRef = F0EE017119C1E04000C4EE2D /* addPostit.m */; };
		F0F3A00219BE3B6400CCDCB8 /* GoogleMaps.framework in Frameworks */ = {isa = PBXBuildFile; fileRef = F0F3A00119BE3B6400CCDCB8 /* GoogleMaps.framework */; };
		F0F3A00619BE3CC400CCDCB8 /* GoogleMaps.bundle in Resources */ = {isa = PBXBuildFile; fileRef = F0F3A00519BE3CC400CCDCB8 /* GoogleMaps.bundle */; };
		F0F3A00819BE3CFB00CCDCB8 /* AVFoundation.framework in Frameworks */ = {isa = PBXBuildFile; fileRef = F0F3A00719BE3CFB00CCDCB8 /* AVFoundation.framework */; };
		F0F3A00A19BE3D0300CCDCB8 /* CoreData.framework in Frameworks */ = {isa = PBXBuildFile; fileRef = F0F3A00919BE3D0300CCDCB8 /* CoreData.framework */; };
		F0F3A00C19BE3D0B00CCDCB8 /* CoreLocation.framework in Frameworks */ = {isa = PBXBuildFile; fileRef = F0F3A00B19BE3D0B00CCDCB8 /* CoreLocation.framework */; };
		F0F3A00E19BE3D1000CCDCB8 /* CoreText.framework in Frameworks */ = {isa = PBXBuildFile; fileRef = F0F3A00D19BE3D1000CCDCB8 /* CoreText.framework */; };
		F0F3A01019BE3D1500CCDCB8 /* GLKit.framework in Frameworks */ = {isa = PBXBuildFile; fileRef = F0F3A00F19BE3D1500CCDCB8 /* GLKit.framework */; };
		F0F3A01219BE3D1B00CCDCB8 /* ImageIO.framework in Frameworks */ = {isa = PBXBuildFile; fileRef = F0F3A01119BE3D1B00CCDCB8 /* ImageIO.framework */; };
		F0F3A01419BE3D2500CCDCB8 /* libc++.dylib in Frameworks */ = {isa = PBXBuildFile; fileRef = F0F3A01319BE3D2500CCDCB8 /* libc++.dylib */; };
		F0F3A01619BE3D2F00CCDCB8 /* libicucore.dylib in Frameworks */ = {isa = PBXBuildFile; fileRef = F0F3A01519BE3D2F00CCDCB8 /* libicucore.dylib */; };
		F0F3A01819BE3D3700CCDCB8 /* libz.dylib in Frameworks */ = {isa = PBXBuildFile; fileRef = F0F3A01719BE3D3700CCDCB8 /* libz.dylib */; };
		F0F3A01A19BE3D3E00CCDCB8 /* OpenGLES.framework in Frameworks */ = {isa = PBXBuildFile; fileRef = F0F3A01919BE3D3E00CCDCB8 /* OpenGLES.framework */; };
		F0F3A01C19BE3D4300CCDCB8 /* QuartzCore.framework in Frameworks */ = {isa = PBXBuildFile; fileRef = F0F3A01B19BE3D4300CCDCB8 /* QuartzCore.framework */; };
		F0F3A01E19BE3D4B00CCDCB8 /* SystemConfiguration.framework in Frameworks */ = {isa = PBXBuildFile; fileRef = F0F3A01D19BE3D4B00CCDCB8 /* SystemConfiguration.framework */; };
		F0F3A02019BE442800CCDCB8 /* FacebookSDK.framework in Frameworks */ = {isa = PBXBuildFile; fileRef = F0F3A01F19BE442800CCDCB8 /* FacebookSDK.framework */; };
/* End PBXBuildFile section */

/* Begin PBXContainerItemProxy section */
		F0E2D02219BB394E000D22B6 /* PBXContainerItemProxy */ = {
			isa = PBXContainerItemProxy;
			containerPortal = F0E2CFF419BB394E000D22B6 /* Project object */;
			proxyType = 1;
			remoteGlobalIDString = F0E2CFFB19BB394E000D22B6;
			remoteInfo = OpenCity;
		};
/* End PBXContainerItemProxy section */

/* Begin PBXFileReference section */
		310D2245648B4ECC8FF0E53F /* libPods.a */ = {isa = PBXFileReference; explicitFileType = archive.ar; includeInIndex = 0; path = libPods.a; sourceTree = BUILT_PRODUCTS_DIR; };
		6BE1CE8E80F249D68C930DCA /* Pods.xcconfig */ = {isa = PBXFileReference; includeInIndex = 1; lastKnownFileType = text.xcconfig; name = Pods.xcconfig; path = Pods/Pods.xcconfig; sourceTree = "<group>"; };
		F021E4F319C336A200C6765F /* createAccount.xib */ = {isa = PBXFileReference; fileEncoding = 4; lastKnownFileType = file.xib; path = createAccount.xib; sourceTree = "<group>"; };
		F021E4F519C3381800C6765F /* createAccount.h */ = {isa = PBXFileReference; fileEncoding = 4; lastKnownFileType = sourcecode.c.h; path = createAccount.h; sourceTree = "<group>"; };
		F021E4F619C3381800C6765F /* createAccount.m */ = {isa = PBXFileReference; fileEncoding = 4; lastKnownFileType = sourcecode.c.objc; path = createAccount.m; sourceTree = "<group>"; };
		F021E4F819C375B000C6765F /* takePicture.xib */ = {isa = PBXFileReference; fileEncoding = 4; lastKnownFileType = file.xib; path = takePicture.xib; sourceTree = "<group>"; };
		F021E4FB19C375E100C6765F /* takePictureCV.h */ = {isa = PBXFileReference; fileEncoding = 4; lastKnownFileType = sourcecode.c.h; path = takePictureCV.h; sourceTree = "<group>"; };
		F021E4FC19C375E100C6765F /* takePictureCV.m */ = {isa = PBXFileReference; fileEncoding = 4; lastKnownFileType = sourcecode.c.objc; path = takePictureCV.m; sourceTree = "<group>"; };
		F021E4FF19C3817A00C6765F /* dashboard-bg.png */ = {isa = PBXFileReference; lastKnownFileType = image.png; path = "dashboard-bg.png"; sourceTree = "<group>"; };
		F021E50219C3875B00C6765F /* dashboardVC.xib */ = {isa = PBXFileReference; fileEncoding = 4; lastKnownFileType = file.xib; path = dashboardVC.xib; sourceTree = "<group>"; };
		F021E50419C3882400C6765F /* dashboardCV.h */ = {isa = PBXFileReference; fileEncoding = 4; lastKnownFileType = sourcecode.c.h; path = dashboardCV.h; sourceTree = "<group>"; };
		F021E50519C3882400C6765F /* dashboardCV.m */ = {isa = PBXFileReference; fileEncoding = 4; lastKnownFileType = sourcecode.c.objc; path = dashboardCV.m; sourceTree = "<group>"; };
		F021E50719C3894900C6765F /* collapse3.png */ = {isa = PBXFileReference; lastKnownFileType = image.png; path = collapse3.png; sourceTree = "<group>"; };
		F021E50919C3899100C6765F /* arrow103.png */ = {isa = PBXFileReference; lastKnownFileType = image.png; path = arrow103.png; sourceTree = "<group>"; };
		F021E50B19C38EB400C6765F /* arrow103bot.png */ = {isa = PBXFileReference; lastKnownFileType = image.png; path = arrow103bot.png; sourceTree = "<group>"; };
		F021E50E19C42F7E00C6765F /* grey_thumb_down.png */ = {isa = PBXFileReference; lastKnownFileType = image.png; path = grey_thumb_down.png; sourceTree = "<group>"; };
		F021E50F19C42F7E00C6765F /* grey_thumb_up.png */ = {isa = PBXFileReference; lastKnownFileType = image.png; path = grey_thumb_up.png; sourceTree = "<group>"; };
		F021E51019C42F7E00C6765F /* thumb_down.png */ = {isa = PBXFileReference; lastKnownFileType = image.png; path = thumb_down.png; sourceTree = "<group>"; };
		F021E51119C42F7E00C6765F /* thumb_up.png */ = {isa = PBXFileReference; lastKnownFileType = image.png; path = thumb_up.png; sourceTree = "<group>"; };
		F021E51619C434F000C6765F /* social77.png */ = {isa = PBXFileReference; lastKnownFileType = image.png; path = social77.png; sourceTree = "<group>"; };
		F021E51A19C43A3B00C6765F /* arrow408.png */ = {isa = PBXFileReference; lastKnownFileType = image.png; path = arrow408.png; sourceTree = "<group>"; };
		F021E51F19C4528C00C6765F /* customMarker.h */ = {isa = PBXFileReference; fileEncoding = 4; lastKnownFileType = sourcecode.c.h; path = customMarker.h; sourceTree = "<group>"; };
		F021E52019C4528C00C6765F /* customMarker.m */ = {isa = PBXFileReference; fileEncoding = 4; lastKnownFileType = sourcecode.c.objc; path = customMarker.m; sourceTree = "<group>"; };
		F021E52219C454CB00C6765F /* viewPostitCV.xib */ = {isa = PBXFileReference; fileEncoding = 4; lastKnownFileType = file.xib; path = viewPostitCV.xib; sourceTree = "<group>"; };
		F021E52419C454F900C6765F /* viewPostit.h */ = {isa = PBXFileReference; fileEncoding = 4; lastKnownFileType = sourcecode.c.h; path = viewPostit.h; sourceTree = "<group>"; };
		F021E52519C454F900C6765F /* viewPostit.m */ = {isa = PBXFileReference; fileEncoding = 4; lastKnownFileType = sourcecode.c.objc; path = viewPostit.m; sourceTree = "<group>"; };
		F052CC7119BF2D2C00A82D01 /* OpenCity-Logo.png */ = {isa = PBXFileReference; lastKnownFileType = image.png; path = "OpenCity-Logo.png"; sourceTree = "<group>"; };
		F052CC7319BF396F00A82D01 /* OpenCity-Icon.png */ = {isa = PBXFileReference; lastKnownFileType = image.png; path = "OpenCity-Icon.png"; sourceTree = "<group>"; };
		F052CCB819BF3D8300A82D01 /* OpenCity-Icon-20.png */ = {isa = PBXFileReference; lastKnownFileType = image.png; path = "OpenCity-Icon-20.png"; sourceTree = "<group>"; };
		F052CCB919BF3D8300A82D01 /* OpenCity-Icon-29.png */ = {isa = PBXFileReference; lastKnownFileType = image.png; path = "OpenCity-Icon-29.png"; sourceTree = "<group>"; };
		F052CCBA19BF3D8300A82D01 /* OpenCity-Icon-30.png */ = {isa = PBXFileReference; lastKnownFileType = image.png; path = "OpenCity-Icon-30.png"; sourceTree = "<group>"; };
		F052CCBB19BF3D8300A82D01 /* OpenCity-Icon-40.png */ = {isa = PBXFileReference; lastKnownFileType = image.png; path = "OpenCity-Icon-40.png"; sourceTree = "<group>"; };
		F052CCBC19BF3D8300A82D01 /* OpenCity-Icon-48.png */ = {isa = PBXFileReference; lastKnownFileType = image.png; path = "OpenCity-Icon-48.png"; sourceTree = "<group>"; };
		F052CCBD19BF3D8300A82D01 /* OpenCity-Icon-50.png */ = {isa = PBXFileReference; lastKnownFileType = image.png; path = "OpenCity-Icon-50.png"; sourceTree = "<group>"; };
		F052CCBE19BF3D8300A82D01 /* OpenCity-Icon-57.png */ = {isa = PBXFileReference; lastKnownFileType = image.png; path = "OpenCity-Icon-57.png"; sourceTree = "<group>"; };
		F052CCBF19BF3D8300A82D01 /* OpenCity-Icon-58.png */ = {isa = PBXFileReference; lastKnownFileType = image.png; path = "OpenCity-Icon-58.png"; sourceTree = "<group>"; };
		F052CCC019BF3D8300A82D01 /* OpenCity-Icon-60.png */ = {isa = PBXFileReference; lastKnownFileType = image.png; path = "OpenCity-Icon-60.png"; sourceTree = "<group>"; };
		F052CCC119BF3D8300A82D01 /* OpenCity-Icon-64.png */ = {isa = PBXFileReference; lastKnownFileType = image.png; path = "OpenCity-Icon-64.png"; sourceTree = "<group>"; };
		F052CCC219BF3D8300A82D01 /* OpenCity-Icon-72.png */ = {isa = PBXFileReference; lastKnownFileType = image.png; path = "OpenCity-Icon-72.png"; sourceTree = "<group>"; };
		F052CCC319BF3D8300A82D01 /* OpenCity-Icon-96.png */ = {isa = PBXFileReference; lastKnownFileType = image.png; path = "OpenCity-Icon-96.png"; sourceTree = "<group>"; };
		F052CCC419BF3D8300A82D01 /* OpenCity-Icon-100.png */ = {isa = PBXFileReference; lastKnownFileType = image.png; path = "OpenCity-Icon-100.png"; sourceTree = "<group>"; };
		F052CCC519BF3D8300A82D01 /* OpenCity-Icon-114.png */ = {isa = PBXFileReference; lastKnownFileType = image.png; path = "OpenCity-Icon-114.png"; sourceTree = "<group>"; };
		F052CCC619BF3D8300A82D01 /* OpenCity-Icon-144.png */ = {isa = PBXFileReference; lastKnownFileType = image.png; path = "OpenCity-Icon-144.png"; sourceTree = "<group>"; };
		F052CCC719BF3D8300A82D01 /* OpenCity-Icon-320.png */ = {isa = PBXFileReference; lastKnownFileType = image.png; path = "OpenCity-Icon-320.png"; sourceTree = "<group>"; };
		F052CCC819BF3D8300A82D01 /* OpenCity-Icon-512.png */ = {isa = PBXFileReference; lastKnownFileType = image.png; path = "OpenCity-Icon-512.png"; sourceTree = "<group>"; };
		F052CCC919BF3D8300A82D01 /* OpenCity-Icon-640.png */ = {isa = PBXFileReference; lastKnownFileType = image.png; path = "OpenCity-Icon-640.png"; sourceTree = "<group>"; };
		F052CCCA19BF3D8300A82D01 /* OpenCity-Icon-1024.png */ = {isa = PBXFileReference; lastKnownFileType = image.png; path = "OpenCity-Icon-1024.png"; sourceTree = "<group>"; };
		F052CCE119BF49F700A82D01 /* SWRevealViewController.h */ = {isa = PBXFileReference; fileEncoding = 4; lastKnownFileType = sourcecode.c.h; path = SWRevealViewController.h; sourceTree = "<group>"; };
		F052CCE219BF49F700A82D01 /* SWRevealViewController.m */ = {isa = PBXFileReference; fileEncoding = 4; lastKnownFileType = sourcecode.c.objc; path = SWRevealViewController.m; sourceTree = "<group>"; };
		F052CCEF19BF53F800A82D01 /* background.png */ = {isa = PBXFileReference; lastKnownFileType = image.png; path = background.png; sourceTree = "<group>"; };
		F052CCF719C0365B00A82D01 /* tableVC.h */ = {isa = PBXFileReference; fileEncoding = 4; lastKnownFileType = sourcecode.c.h; path = tableVC.h; sourceTree = "<group>"; };
		F052CCF819C0365B00A82D01 /* tableVC.m */ = {isa = PBXFileReference; fileEncoding = 4; lastKnownFileType = sourcecode.c.objc; path = tableVC.m; sourceTree = "<group>"; };
		F052CCFA19C03C8300A82D01 /* mainViewController.h */ = {isa = PBXFileReference; fileEncoding = 4; lastKnownFileType = sourcecode.c.h; path = mainViewController.h; sourceTree = "<group>"; };
		F052CCFB19C03C8300A82D01 /* mainViewController.m */ = {isa = PBXFileReference; fileEncoding = 4; lastKnownFileType = sourcecode.c.objc; path = mainViewController.m; sourceTree = "<group>"; };
		F052CCFF19C049F800A82D01 /* reveal-icon.png */ = {isa = PBXFileReference; lastKnownFileType = image.png; path = "reveal-icon.png"; sourceTree = "<group>"; };
		F052CD0119C04CC300A82D01 /* dashboard-icon.png */ = {isa = PBXFileReference; lastKnownFileType = image.png; path = "dashboard-icon.png"; sourceTree = "<group>"; };
		F052CD0319C0517B00A82D01 /* map.png */ = {isa = PBXFileReference; lastKnownFileType = image.png; path = map.png; sourceTree = "<group>"; };
		F052CD0519C0523800A82D01 /* placeholder.gif */ = {isa = PBXFileReference; lastKnownFileType = image.gif; path = placeholder.gif; sourceTree = "<group>"; };
		F052CD0A19C06F3E00A82D01 /* loginViewController.h */ = {isa = PBXFileReference; fileEncoding = 4; lastKnownFileType = sourcecode.c.h; path = loginViewController.h; sourceTree = "<group>"; };
		F052CD0B19C06F3E00A82D01 /* loginViewController.m */ = {isa = PBXFileReference; fileEncoding = 4; lastKnownFileType = sourcecode.c.objc; path = loginViewController.m; sourceTree = "<group>"; };
		F052CD0D19C06F7800A82D01 /* backgroundLogin.jpg */ = {isa = PBXFileReference; lastKnownFileType = image.jpeg; path = backgroundLogin.jpg; sourceTree = "<group>"; };
		F0551FDB19C2E9FF001F817D /* addPostitCView.xib */ = {isa = PBXFileReference; fileEncoding = 4; lastKnownFileType = file.xib; path = addPostitCView.xib; sourceTree = "<group>"; };
		F0551FDD19C2EB4D001F817D /* addPostitCVxib.h */ = {isa = PBXFileReference; fileEncoding = 4; lastKnownFileType = sourcecode.c.h; path = addPostitCVxib.h; sourceTree = "<group>"; };
		F0551FDE19C2EB4D001F817D /* addPostitCVxib.m */ = {isa = PBXFileReference; fileEncoding = 4; lastKnownFileType = sourcecode.c.objc; path = addPostitCVxib.m; sourceTree = "<group>"; };
		F0E2CFFC19BB394E000D22B6 /* OpenCity.app */ = {isa = PBXFileReference; explicitFileType = wrapper.application; includeInIndex = 0; path = OpenCity.app; sourceTree = BUILT_PRODUCTS_DIR; };
		F0E2CFFF19BB394E000D22B6 /* Foundation.framework */ = {isa = PBXFileReference; lastKnownFileType = wrapper.framework; name = Foundation.framework; path = System/Library/Frameworks/Foundation.framework; sourceTree = SDKROOT; };
		F0E2D00119BB394E000D22B6 /* CoreGraphics.framework */ = {isa = PBXFileReference; lastKnownFileType = wrapper.framework; name = CoreGraphics.framework; path = System/Library/Frameworks/CoreGraphics.framework; sourceTree = SDKROOT; };
		F0E2D00319BB394E000D22B6 /* UIKit.framework */ = {isa = PBXFileReference; lastKnownFileType = wrapper.framework; name = UIKit.framework; path = System/Library/Frameworks/UIKit.framework; sourceTree = SDKROOT; };
		F0E2D00719BB394E000D22B6 /* OpenCity-Info.plist */ = {isa = PBXFileReference; lastKnownFileType = text.plist.xml; path = "OpenCity-Info.plist"; sourceTree = "<group>"; };
		F0E2D00919BB394E000D22B6 /* en */ = {isa = PBXFileReference; lastKnownFileType = text.plist.strings; name = en; path = en.lproj/InfoPlist.strings; sourceTree = "<group>"; };
		F0E2D00B19BB394E000D22B6 /* main.m */ = {isa = PBXFileReference; lastKnownFileType = sourcecode.c.objc; path = main.m; sourceTree = "<group>"; };
		F0E2D00D19BB394E000D22B6 /* OpenCity-Prefix.pch */ = {isa = PBXFileReference; lastKnownFileType = sourcecode.c.h; path = "OpenCity-Prefix.pch"; sourceTree = "<group>"; };
		F0E2D00E19BB394E000D22B6 /* AppDelegate.h */ = {isa = PBXFileReference; lastKnownFileType = sourcecode.c.h; path = AppDelegate.h; sourceTree = "<group>"; };
		F0E2D00F19BB394E000D22B6 /* AppDelegate.m */ = {isa = PBXFileReference; lastKnownFileType = sourcecode.c.objc; path = AppDelegate.m; sourceTree = "<group>"; };
		F0E2D01219BB394E000D22B6 /* Base */ = {isa = PBXFileReference; lastKnownFileType = file.storyboard; name = Base; path = Base.lproj/Main.storyboard; sourceTree = "<group>"; };
		F0E2D01419BB394E000D22B6 /* ViewController.h */ = {isa = PBXFileReference; lastKnownFileType = sourcecode.c.h; path = ViewController.h; sourceTree = "<group>"; };
		F0E2D01519BB394E000D22B6 /* ViewController.m */ = {isa = PBXFileReference; lastKnownFileType = sourcecode.c.objc; path = ViewController.m; sourceTree = "<group>"; };
		F0E2D01719BB394E000D22B6 /* Images.xcassets */ = {isa = PBXFileReference; lastKnownFileType = folder.assetcatalog; path = Images.xcassets; sourceTree = "<group>"; };
		F0E2D01D19BB394E000D22B6 /* OpenCityTests.xctest */ = {isa = PBXFileReference; explicitFileType = wrapper.cfbundle; includeInIndex = 0; path = OpenCityTests.xctest; sourceTree = BUILT_PRODUCTS_DIR; };
		F0E2D01E19BB394E000D22B6 /* XCTest.framework */ = {isa = PBXFileReference; lastKnownFileType = wrapper.framework; name = XCTest.framework; path = Library/Frameworks/XCTest.framework; sourceTree = DEVELOPER_DIR; };
		F0E2D02619BB394E000D22B6 /* OpenCityTests-Info.plist */ = {isa = PBXFileReference; lastKnownFileType = text.plist.xml; path = "OpenCityTests-Info.plist"; sourceTree = "<group>"; };
		F0E2D02819BB394E000D22B6 /* en */ = {isa = PBXFileReference; lastKnownFileType = text.plist.strings; name = en; path = en.lproj/InfoPlist.strings; sourceTree = "<group>"; };
		F0E2D02A19BB394E000D22B6 /* OpenCityTests.m */ = {isa = PBXFileReference; lastKnownFileType = sourcecode.c.objc; path = OpenCityTests.m; sourceTree = "<group>"; };
		F0EE012019C1920D00C4EE2D /* AFNetworkActivityIndicatorManager.h */ = {isa = PBXFileReference; fileEncoding = 4; lastKnownFileType = sourcecode.c.h; path = AFNetworkActivityIndicatorManager.h; sourceTree = "<group>"; };
		F0EE012119C1920D00C4EE2D /* AFNetworkActivityIndicatorManager.m */ = {isa = PBXFileReference; fileEncoding = 4; lastKnownFileType = sourcecode.c.objc; path = AFNetworkActivityIndicatorManager.m; sourceTree = "<group>"; };
		F0EE012219C1920D00C4EE2D /* UIActivityIndicatorView+AFNetworking.h */ = {isa = PBXFileReference; fileEncoding = 4; lastKnownFileType = sourcecode.c.h; path = "UIActivityIndicatorView+AFNetworking.h"; sourceTree = "<group>"; };
		F0EE012319C1920D00C4EE2D /* UIActivityIndicatorView+AFNetworking.m */ = {isa = PBXFileReference; fileEncoding = 4; lastKnownFileType = sourcecode.c.objc; path = "UIActivityIndicatorView+AFNetworking.m"; sourceTree = "<group>"; };
		F0EE012419C1920D00C4EE2D /* UIAlertView+AFNetworking.h */ = {isa = PBXFileReference; fileEncoding = 4; lastKnownFileType = sourcecode.c.h; path = "UIAlertView+AFNetworking.h"; sourceTree = "<group>"; };
		F0EE012519C1920D00C4EE2D /* UIAlertView+AFNetworking.m */ = {isa = PBXFileReference; fileEncoding = 4; lastKnownFileType = sourcecode.c.objc; path = "UIAlertView+AFNetworking.m"; sourceTree = "<group>"; };
		F0EE012619C1920D00C4EE2D /* UIButton+AFNetworking.h */ = {isa = PBXFileReference; fileEncoding = 4; lastKnownFileType = sourcecode.c.h; path = "UIButton+AFNetworking.h"; sourceTree = "<group>"; };
		F0EE012719C1920D00C4EE2D /* UIButton+AFNetworking.m */ = {isa = PBXFileReference; fileEncoding = 4; lastKnownFileType = sourcecode.c.objc; path = "UIButton+AFNetworking.m"; sourceTree = "<group>"; };
		F0EE012819C1920D00C4EE2D /* UIImageView+AFNetworking.h */ = {isa = PBXFileReference; fileEncoding = 4; lastKnownFileType = sourcecode.c.h; path = "UIImageView+AFNetworking.h"; sourceTree = "<group>"; };
		F0EE012919C1920D00C4EE2D /* UIImageView+AFNetworking.m */ = {isa = PBXFileReference; fileEncoding = 4; lastKnownFileType = sourcecode.c.objc; path = "UIImageView+AFNetworking.m"; sourceTree = "<group>"; };
		F0EE012A19C1920D00C4EE2D /* UIKit+AFNetworking.h */ = {isa = PBXFileReference; fileEncoding = 4; lastKnownFileType = sourcecode.c.h; path = "UIKit+AFNetworking.h"; sourceTree = "<group>"; };
		F0EE012B19C1920D00C4EE2D /* UIProgressView+AFNetworking.h */ = {isa = PBXFileReference; fileEncoding = 4; lastKnownFileType = sourcecode.c.h; path = "UIProgressView+AFNetworking.h"; sourceTree = "<group>"; };
		F0EE012C19C1920D00C4EE2D /* UIProgressView+AFNetworking.m */ = {isa = PBXFileReference; fileEncoding = 4; lastKnownFileType = sourcecode.c.objc; path = "UIProgressView+AFNetworking.m"; sourceTree = "<group>"; };
		F0EE012D19C1920D00C4EE2D /* UIRefreshControl+AFNetworking.h */ = {isa = PBXFileReference; fileEncoding = 4; lastKnownFileType = sourcecode.c.h; path = "UIRefreshControl+AFNetworking.h"; sourceTree = "<group>"; };
		F0EE012E19C1920D00C4EE2D /* UIRefreshControl+AFNetworking.m */ = {isa = PBXFileReference; fileEncoding = 4; lastKnownFileType = sourcecode.c.objc; path = "UIRefreshControl+AFNetworking.m"; sourceTree = "<group>"; };
		F0EE012F19C1920D00C4EE2D /* UIWebView+AFNetworking.h */ = {isa = PBXFileReference; fileEncoding = 4; lastKnownFileType = sourcecode.c.h; path = "UIWebView+AFNetworking.h"; sourceTree = "<group>"; };
		F0EE013019C1920D00C4EE2D /* UIWebView+AFNetworking.m */ = {isa = PBXFileReference; fileEncoding = 4; lastKnownFileType = sourcecode.c.objc; path = "UIWebView+AFNetworking.m"; sourceTree = "<group>"; };
		F0EE013919C1921600C4EE2D /* AFHTTPRequestOperation.h */ = {isa = PBXFileReference; fileEncoding = 4; lastKnownFileType = sourcecode.c.h; name = AFHTTPRequestOperation.h; path = ../../AFNetworking/AFNetworking/AFHTTPRequestOperation.h; sourceTree = "<group>"; };
		F0EE013A19C1921600C4EE2D /* AFHTTPRequestOperation.m */ = {isa = PBXFileReference; fileEncoding = 4; lastKnownFileType = sourcecode.c.objc; name = AFHTTPRequestOperation.m; path = ../../AFNetworking/AFNetworking/AFHTTPRequestOperation.m; sourceTree = "<group>"; };
		F0EE013B19C1921600C4EE2D /* AFHTTPRequestOperationManager.h */ = {isa = PBXFileReference; fileEncoding = 4; lastKnownFileType = sourcecode.c.h; name = AFHTTPRequestOperationManager.h; path = ../../AFNetworking/AFNetworking/AFHTTPRequestOperationManager.h; sourceTree = "<group>"; };
		F0EE013C19C1921600C4EE2D /* AFHTTPRequestOperationManager.m */ = {isa = PBXFileReference; fileEncoding = 4; lastKnownFileType = sourcecode.c.objc; name = AFHTTPRequestOperationManager.m; path = ../../AFNetworking/AFNetworking/AFHTTPRequestOperationManager.m; sourceTree = "<group>"; };
		F0EE013D19C1921600C4EE2D /* AFHTTPSessionManager.h */ = {isa = PBXFileReference; fileEncoding = 4; lastKnownFileType = sourcecode.c.h; name = AFHTTPSessionManager.h; path = ../../AFNetworking/AFNetworking/AFHTTPSessionManager.h; sourceTree = "<group>"; };
		F0EE013E19C1921600C4EE2D /* AFHTTPSessionManager.m */ = {isa = PBXFileReference; fileEncoding = 4; lastKnownFileType = sourcecode.c.objc; name = AFHTTPSessionManager.m; path = ../../AFNetworking/AFNetworking/AFHTTPSessionManager.m; sourceTree = "<group>"; };
		F0EE013F19C1921600C4EE2D /* AFNetworking.h */ = {isa = PBXFileReference; fileEncoding = 4; lastKnownFileType = sourcecode.c.h; name = AFNetworking.h; path = ../../AFNetworking/AFNetworking/AFNetworking.h; sourceTree = "<group>"; };
		F0EE014019C1921600C4EE2D /* AFNetworkReachabilityManager.h */ = {isa = PBXFileReference; fileEncoding = 4; lastKnownFileType = sourcecode.c.h; name = AFNetworkReachabilityManager.h; path = ../../AFNetworking/AFNetworking/AFNetworkReachabilityManager.h; sourceTree = "<group>"; };
		F0EE014119C1921600C4EE2D /* AFNetworkReachabilityManager.m */ = {isa = PBXFileReference; fileEncoding = 4; lastKnownFileType = sourcecode.c.objc; name = AFNetworkReachabilityManager.m; path = ../../AFNetworking/AFNetworking/AFNetworkReachabilityManager.m; sourceTree = "<group>"; };
		F0EE014219C1921600C4EE2D /* AFSecurityPolicy.h */ = {isa = PBXFileReference; fileEncoding = 4; lastKnownFileType = sourcecode.c.h; name = AFSecurityPolicy.h; path = ../../AFNetworking/AFNetworking/AFSecurityPolicy.h; sourceTree = "<group>"; };
		F0EE014319C1921600C4EE2D /* AFSecurityPolicy.m */ = {isa = PBXFileReference; fileEncoding = 4; lastKnownFileType = sourcecode.c.objc; name = AFSecurityPolicy.m; path = ../../AFNetworking/AFNetworking/AFSecurityPolicy.m; sourceTree = "<group>"; };
		F0EE014419C1921600C4EE2D /* AFURLConnectionOperation.h */ = {isa = PBXFileReference; fileEncoding = 4; lastKnownFileType = sourcecode.c.h; name = AFURLConnectionOperation.h; path = ../../AFNetworking/AFNetworking/AFURLConnectionOperation.h; sourceTree = "<group>"; };
		F0EE014519C1921600C4EE2D /* AFURLConnectionOperation.m */ = {isa = PBXFileReference; fileEncoding = 4; lastKnownFileType = sourcecode.c.objc; name = AFURLConnectionOperation.m; path = ../../AFNetworking/AFNetworking/AFURLConnectionOperation.m; sourceTree = "<group>"; };
		F0EE014619C1921600C4EE2D /* AFURLRequestSerialization.h */ = {isa = PBXFileReference; fileEncoding = 4; lastKnownFileType = sourcecode.c.h; name = AFURLRequestSerialization.h; path = ../../AFNetworking/AFNetworking/AFURLRequestSerialization.h; sourceTree = "<group>"; };
		F0EE014719C1921600C4EE2D /* AFURLRequestSerialization.m */ = {isa = PBXFileReference; fileEncoding = 4; lastKnownFileType = sourcecode.c.objc; name = AFURLRequestSerialization.m; path = ../../AFNetworking/AFNetworking/AFURLRequestSerialization.m; sourceTree = "<group>"; };
		F0EE014819C1921600C4EE2D /* AFURLResponseSerialization.h */ = {isa = PBXFileReference; fileEncoding = 4; lastKnownFileType = sourcecode.c.h; name = AFURLResponseSerialization.h; path = ../../AFNetworking/AFNetworking/AFURLResponseSerialization.h; sourceTree = "<group>"; };
		F0EE014919C1921600C4EE2D /* AFURLResponseSerialization.m */ = {isa = PBXFileReference; fileEncoding = 4; lastKnownFileType = sourcecode.c.objc; name = AFURLResponseSerialization.m; path = ../../AFNetworking/AFNetworking/AFURLResponseSerialization.m; sourceTree = "<group>"; };
		F0EE014A19C1921600C4EE2D /* AFURLSessionManager.h */ = {isa = PBXFileReference; fileEncoding = 4; lastKnownFileType = sourcecode.c.h; name = AFURLSessionManager.h; path = ../../AFNetworking/AFNetworking/AFURLSessionManager.h; sourceTree = "<group>"; };
		F0EE014B19C1921600C4EE2D /* AFURLSessionManager.m */ = {isa = PBXFileReference; fileEncoding = 4; lastKnownFileType = sourcecode.c.objc; name = AFURLSessionManager.m; path = ../../AFNetworking/AFNetworking/AFURLSessionManager.m; sourceTree = "<group>"; };
		F0EE015919C19BE500C4EE2D /* mapView.h */ = {isa = PBXFileReference; fileEncoding = 4; lastKnownFileType = sourcecode.c.h; path = mapView.h; sourceTree = "<group>"; };
		F0EE015A19C19BE500C4EE2D /* mapView.m */ = {isa = PBXFileReference; fileEncoding = 4; lastKnownFileType = sourcecode.c.objc; path = mapView.m; sourceTree = "<group>"; };
		F0EE015E19C1B40C00C4EE2D /* dataClass.h */ = {isa = PBXFileReference; fileEncoding = 4; lastKnownFileType = sourcecode.c.h; path = dataClass.h; sourceTree = "<group>"; };
		F0EE015F19C1B40C00C4EE2D /* dataClass.m */ = {isa = PBXFileReference; fileEncoding = 4; lastKnownFileType = sourcecode.c.objc; path = dataClass.m; sourceTree = "<group>"; };
		F0EE016719C1C0D800C4EE2D /* locationVC.h */ = {isa = PBXFileReference; fileEncoding = 4; lastKnownFileType = sourcecode.c.h; path = locationVC.h; sourceTree = "<group>"; };
		F0EE016819C1C0D800C4EE2D /* locationVC.m */ = {isa = PBXFileReference; fileEncoding = 4; lastKnownFileType = sourcecode.c.objc; path = locationVC.m; sourceTree = "<group>"; };
		F0EE016C19C1CBF700C4EE2D /* lyon-partdieu.gpx */ = {isa = PBXFileReference; fileEncoding = 4; lastKnownFileType = text.xml; path = "lyon-partdieu.gpx"; sourceTree = "<group>"; };
		F0EE016E19C1DC2C00C4EE2D /* login-bg.jpg */ = {isa = PBXFileReference; lastKnownFileType = image.jpeg; path = "login-bg.jpg"; sourceTree = "<group>"; };
		F0EE017019C1E04000C4EE2D /* addPostit.h */ = {isa = PBXFileReference; fileEncoding = 4; lastKnownFileType = sourcecode.c.h; path = addPostit.h; sourceTree = "<group>"; };
		F0EE017119C1E04000C4EE2D /* addPostit.m */ = {isa = PBXFileReference; fileEncoding = 4; lastKnownFileType = sourcecode.c.objc; path = addPostit.m; sourceTree = "<group>"; };
		F0F3A00119BE3B6400CCDCB8 /* GoogleMaps.framework */ = {isa = PBXFileReference; lastKnownFileType = wrapper.framework; path = GoogleMaps.framework; sourceTree = "<group>"; };
		F0F3A00519BE3CC400CCDCB8 /* GoogleMaps.bundle */ = {isa = PBXFileReference; lastKnownFileType = "wrapper.plug-in"; name = GoogleMaps.bundle; path = GoogleMaps.framework/Versions/A/Resources/GoogleMaps.bundle; sourceTree = "<group>"; };
		F0F3A00719BE3CFB00CCDCB8 /* AVFoundation.framework */ = {isa = PBXFileReference; lastKnownFileType = wrapper.framework; name = AVFoundation.framework; path = System/Library/Frameworks/AVFoundation.framework; sourceTree = SDKROOT; };
		F0F3A00919BE3D0300CCDCB8 /* CoreData.framework */ = {isa = PBXFileReference; lastKnownFileType = wrapper.framework; name = CoreData.framework; path = System/Library/Frameworks/CoreData.framework; sourceTree = SDKROOT; };
		F0F3A00B19BE3D0B00CCDCB8 /* CoreLocation.framework */ = {isa = PBXFileReference; lastKnownFileType = wrapper.framework; name = CoreLocation.framework; path = System/Library/Frameworks/CoreLocation.framework; sourceTree = SDKROOT; };
		F0F3A00D19BE3D1000CCDCB8 /* CoreText.framework */ = {isa = PBXFileReference; lastKnownFileType = wrapper.framework; name = CoreText.framework; path = System/Library/Frameworks/CoreText.framework; sourceTree = SDKROOT; };
		F0F3A00F19BE3D1500CCDCB8 /* GLKit.framework */ = {isa = PBXFileReference; lastKnownFileType = wrapper.framework; name = GLKit.framework; path = System/Library/Frameworks/GLKit.framework; sourceTree = SDKROOT; };
		F0F3A01119BE3D1B00CCDCB8 /* ImageIO.framework */ = {isa = PBXFileReference; lastKnownFileType = wrapper.framework; name = ImageIO.framework; path = System/Library/Frameworks/ImageIO.framework; sourceTree = SDKROOT; };
		F0F3A01319BE3D2500CCDCB8 /* libc++.dylib */ = {isa = PBXFileReference; lastKnownFileType = "compiled.mach-o.dylib"; name = "libc++.dylib"; path = "usr/lib/libc++.dylib"; sourceTree = SDKROOT; };
		F0F3A01519BE3D2F00CCDCB8 /* libicucore.dylib */ = {isa = PBXFileReference; lastKnownFileType = "compiled.mach-o.dylib"; name = libicucore.dylib; path = usr/lib/libicucore.dylib; sourceTree = SDKROOT; };
		F0F3A01719BE3D3700CCDCB8 /* libz.dylib */ = {isa = PBXFileReference; lastKnownFileType = "compiled.mach-o.dylib"; name = libz.dylib; path = usr/lib/libz.dylib; sourceTree = SDKROOT; };
		F0F3A01919BE3D3E00CCDCB8 /* OpenGLES.framework */ = {isa = PBXFileReference; lastKnownFileType = wrapper.framework; name = OpenGLES.framework; path = System/Library/Frameworks/OpenGLES.framework; sourceTree = SDKROOT; };
		F0F3A01B19BE3D4300CCDCB8 /* QuartzCore.framework */ = {isa = PBXFileReference; lastKnownFileType = wrapper.framework; name = QuartzCore.framework; path = System/Library/Frameworks/QuartzCore.framework; sourceTree = SDKROOT; };
		F0F3A01D19BE3D4B00CCDCB8 /* SystemConfiguration.framework */ = {isa = PBXFileReference; lastKnownFileType = wrapper.framework; name = SystemConfiguration.framework; path = System/Library/Frameworks/SystemConfiguration.framework; sourceTree = SDKROOT; };
		F0F3A01F19BE442800CCDCB8 /* FacebookSDK.framework */ = {isa = PBXFileReference; lastKnownFileType = wrapper.framework; name = FacebookSDK.framework; path = ../../Documents/FacebookSDK/FacebookSDK.framework; sourceTree = "<group>"; };
/* End PBXFileReference section */

/* Begin PBXFrameworksBuildPhase section */
		F0E2CFF919BB394E000D22B6 /* Frameworks */ = {
			isa = PBXFrameworksBuildPhase;
			buildActionMask = 2147483647;
			files = (
				F0F3A00C19BE3D0B00CCDCB8 /* CoreLocation.framework in Frameworks */,
				F0F3A01E19BE3D4B00CCDCB8 /* SystemConfiguration.framework in Frameworks */,
				F0F3A01C19BE3D4300CCDCB8 /* QuartzCore.framework in Frameworks */,
				F0F3A01A19BE3D3E00CCDCB8 /* OpenGLES.framework in Frameworks */,
				F0F3A01819BE3D3700CCDCB8 /* libz.dylib in Frameworks */,
				F0F3A01619BE3D2F00CCDCB8 /* libicucore.dylib in Frameworks */,
				F0F3A01419BE3D2500CCDCB8 /* libc++.dylib in Frameworks */,
				F0F3A01219BE3D1B00CCDCB8 /* ImageIO.framework in Frameworks */,
				F0F3A01019BE3D1500CCDCB8 /* GLKit.framework in Frameworks */,
				F0F3A02019BE442800CCDCB8 /* FacebookSDK.framework in Frameworks */,
				F0F3A00E19BE3D1000CCDCB8 /* CoreText.framework in Frameworks */,
				F0F3A00A19BE3D0300CCDCB8 /* CoreData.framework in Frameworks */,
				F0F3A00819BE3CFB00CCDCB8 /* AVFoundation.framework in Frameworks */,
				F0E2D00219BB394E000D22B6 /* CoreGraphics.framework in Frameworks */,
				F0E2D00419BB394E000D22B6 /* UIKit.framework in Frameworks */,
				F0F3A00219BE3B6400CCDCB8 /* GoogleMaps.framework in Frameworks */,
				F0E2D00019BB394E000D22B6 /* Foundation.framework in Frameworks */,
				58C0137E31524C34B9DDFC64 /* libPods.a in Frameworks */,
			);
			runOnlyForDeploymentPostprocessing = 0;
		};
		F0E2D01A19BB394E000D22B6 /* Frameworks */ = {
			isa = PBXFrameworksBuildPhase;
			buildActionMask = 2147483647;
			files = (
				F0E2D01F19BB394E000D22B6 /* XCTest.framework in Frameworks */,
				F0E2D02119BB394E000D22B6 /* UIKit.framework in Frameworks */,
				F0E2D02019BB394E000D22B6 /* Foundation.framework in Frameworks */,
			);
			runOnlyForDeploymentPostprocessing = 0;
		};
/* End PBXFrameworksBuildPhase section */

/* Begin PBXGroup section */
		F021E4FA19C375C400C6765F /* addPostit */ = {
			isa = PBXGroup;
			children = (
				F021E51619C434F000C6765F /* social77.png */,
				F021E50E19C42F7E00C6765F /* grey_thumb_down.png */,
				F021E50F19C42F7E00C6765F /* grey_thumb_up.png */,
				F021E51019C42F7E00C6765F /* thumb_down.png */,
				F021E51119C42F7E00C6765F /* thumb_up.png */,
				F0551FDB19C2E9FF001F817D /* addPostitCView.xib */,
				F021E4FB19C375E100C6765F /* takePictureCV.h */,
				F021E4FC19C375E100C6765F /* takePictureCV.m */,
				F021E4F819C375B000C6765F /* takePicture.xib */,
				F0551FDD19C2EB4D001F817D /* addPostitCVxib.h */,
				F0551FDE19C2EB4D001F817D /* addPostitCVxib.m */,
			);
			name = addPostit;
			sourceTree = "<group>";
		};
		F021E4FE19C37B0700C6765F /* loginVC */ = {
			isa = PBXGroup;
			children = (
				F052CD0A19C06F3E00A82D01 /* loginViewController.h */,
				F052CD0B19C06F3E00A82D01 /* loginViewController.m */,
				F021E4F319C336A200C6765F /* createAccount.xib */,
				F021E4F519C3381800C6765F /* createAccount.h */,
				F021E4F619C3381800C6765F /* createAccount.m */,
			);
			name = loginVC;
			sourceTree = "<group>";
		};
		F021E50119C386F300C6765F /* dashboardVC */ = {
			isa = PBXGroup;
			children = (
				F052CCFA19C03C8300A82D01 /* mainViewController.h */,
				F052CCFB19C03C8300A82D01 /* mainViewController.m */,
				F021E50219C3875B00C6765F /* dashboardVC.xib */,
				F021E50419C3882400C6765F /* dashboardCV.h */,
				F021E50519C3882400C6765F /* dashboardCV.m */,
			);
			name = dashboardVC;
			sourceTree = "<group>";
		};
		F021E50D19C42EEC00C6765F /* Map */ = {
			isa = PBXGroup;
			children = (
				F021E4FA19C375C400C6765F /* addPostit */,
				F021E52219C454CB00C6765F /* viewPostitCV.xib */,
				F021E52419C454F900C6765F /* viewPostit.h */,
				F021E52519C454F900C6765F /* viewPostit.m */,
				F021E51A19C43A3B00C6765F /* arrow408.png */,
				F0EE015919C19BE500C4EE2D /* mapView.h */,
				F0EE015A19C19BE500C4EE2D /* mapView.m */,
			);
			name = Map;
			sourceTree = "<group>";
		};
		F052CC6E19BF2CC700A82D01 /* assets */ = {
			isa = PBXGroup;
			children = (
				F0EE016E19C1DC2C00C4EE2D /* login-bg.jpg */,
				F052CD0D19C06F7800A82D01 /* backgroundLogin.jpg */,
				F052CCFF19C049F800A82D01 /* reveal-icon.png */,
				F052CC7319BF396F00A82D01 /* OpenCity-Icon.png */,
				F052CCEF19BF53F800A82D01 /* background.png */,
				F021E4FF19C3817A00C6765F /* dashboard-bg.png */,
				F021E50719C3894900C6765F /* collapse3.png */,
				F021E50919C3899100C6765F /* arrow103.png */,
				F021E50B19C38EB400C6765F /* arrow103bot.png */,
				F052CC7519BF3C1200A82D01 /* icons */,
				F052CC7119BF2D2C00A82D01 /* OpenCity-Logo.png */,
			);
			name = assets;
			sourceTree = "<group>";
		};
		F052CC7519BF3C1200A82D01 /* icons */ = {
			isa = PBXGroup;
			children = (
				F052CD0119C04CC300A82D01 /* dashboard-icon.png */,
				F052CCB819BF3D8300A82D01 /* OpenCity-Icon-20.png */,
				F052CCB919BF3D8300A82D01 /* OpenCity-Icon-29.png */,
				F052CCBA19BF3D8300A82D01 /* OpenCity-Icon-30.png */,
				F052CCBB19BF3D8300A82D01 /* OpenCity-Icon-40.png */,
				F052CCBC19BF3D8300A82D01 /* OpenCity-Icon-48.png */,
				F052CCBD19BF3D8300A82D01 /* OpenCity-Icon-50.png */,
				F052CCBE19BF3D8300A82D01 /* OpenCity-Icon-57.png */,
				F052CCBF19BF3D8300A82D01 /* OpenCity-Icon-58.png */,
				F052CCC019BF3D8300A82D01 /* OpenCity-Icon-60.png */,
				F052CCC119BF3D8300A82D01 /* OpenCity-Icon-64.png */,
				F052CCC219BF3D8300A82D01 /* OpenCity-Icon-72.png */,
				F052CCC319BF3D8300A82D01 /* OpenCity-Icon-96.png */,
				F052CCC419BF3D8300A82D01 /* OpenCity-Icon-100.png */,
				F052CCC519BF3D8300A82D01 /* OpenCity-Icon-114.png */,
				F052CCC619BF3D8300A82D01 /* OpenCity-Icon-144.png */,
				F052CCC719BF3D8300A82D01 /* OpenCity-Icon-320.png */,
				F052CCC819BF3D8300A82D01 /* OpenCity-Icon-512.png */,
				F052CCC919BF3D8300A82D01 /* OpenCity-Icon-640.png */,
				F052CCCA19BF3D8300A82D01 /* OpenCity-Icon-1024.png */,
				F052CD0519C0523800A82D01 /* placeholder.gif */,
				F052CD0319C0517B00A82D01 /* map.png */,
			);
			name = icons;
			sourceTree = "<group>";
		};
		F052CCE419BF4AA200A82D01 /* Library */ = {
			isa = PBXGroup;
			children = (
				F052CCE119BF49F700A82D01 /* SWRevealViewController.h */,
				F052CCE219BF49F700A82D01 /* SWRevealViewController.m */,
			);
			name = Library;
			sourceTree = "<group>";
		};
		F0E2CFF319BB394E000D22B6 = {
			isa = PBXGroup;
			children = (
				F0E2D00519BB394E000D22B6 /* OpenCity */,
				F0E2D02419BB394E000D22B6 /* OpenCityTests */,
				F0E2CFFE19BB394E000D22B6 /* Frameworks */,
				F0E2CFFD19BB394E000D22B6 /* Products */,
				6BE1CE8E80F249D68C930DCA /* Pods.xcconfig */,
			);
			sourceTree = "<group>";
		};
		F0E2CFFD19BB394E000D22B6 /* Products */ = {
			isa = PBXGroup;
			children = (
				F0E2CFFC19BB394E000D22B6 /* OpenCity.app */,
				F0E2D01D19BB394E000D22B6 /* OpenCityTests.xctest */,
			);
			name = Products;
			sourceTree = "<group>";
		};
		F0E2CFFE19BB394E000D22B6 /* Frameworks */ = {
			isa = PBXGroup;
			children = (
				F0F3A01F19BE442800CCDCB8 /* FacebookSDK.framework */,
				F0F3A01D19BE3D4B00CCDCB8 /* SystemConfiguration.framework */,
				F0F3A01B19BE3D4300CCDCB8 /* QuartzCore.framework */,
				F0F3A01919BE3D3E00CCDCB8 /* OpenGLES.framework */,
				F0F3A01719BE3D3700CCDCB8 /* libz.dylib */,
				F0F3A01519BE3D2F00CCDCB8 /* libicucore.dylib */,
				F0F3A01319BE3D2500CCDCB8 /* libc++.dylib */,
				F0F3A01119BE3D1B00CCDCB8 /* ImageIO.framework */,
				F0F3A00F19BE3D1500CCDCB8 /* GLKit.framework */,
				F0F3A00D19BE3D1000CCDCB8 /* CoreText.framework */,
				F0F3A00B19BE3D0B00CCDCB8 /* CoreLocation.framework */,
				F0F3A00919BE3D0300CCDCB8 /* CoreData.framework */,
				F0F3A00719BE3CFB00CCDCB8 /* AVFoundation.framework */,
				F0F3A00519BE3CC400CCDCB8 /* GoogleMaps.bundle */,
				F0F3A00119BE3B6400CCDCB8 /* GoogleMaps.framework */,
				F0E2CFFF19BB394E000D22B6 /* Foundation.framework */,
				F0E2D00119BB394E000D22B6 /* CoreGraphics.framework */,
				F0E2D00319BB394E000D22B6 /* UIKit.framework */,
				F0E2D01E19BB394E000D22B6 /* XCTest.framework */,
				310D2245648B4ECC8FF0E53F /* libPods.a */,
			);
			name = Frameworks;
			sourceTree = "<group>";
		};
		F0E2D00519BB394E000D22B6 /* OpenCity */ = {
			isa = PBXGroup;
			children = (
				F021E51F19C4528C00C6765F /* customMarker.h */,
				F021E52019C4528C00C6765F /* customMarker.m */,
				F0EE016C19C1CBF700C4EE2D /* lyon-partdieu.gpx */,
				F0EE011F19C191FE00C4EE2D /* AFNetworking */,
				F052CCE419BF4AA200A82D01 /* Library */,
				F052CC6E19BF2CC700A82D01 /* assets */,
				F0E2D00E19BB394E000D22B6 /* AppDelegate.h */,
				F0E2D00F19BB394E000D22B6 /* AppDelegate.m */,
				F0EE016719C1C0D800C4EE2D /* locationVC.h */,
				F0EE016819C1C0D800C4EE2D /* locationVC.m */,
				F0EE015E19C1B40C00C4EE2D /* dataClass.h */,
				F0EE015F19C1B40C00C4EE2D /* dataClass.m */,
				F021E50119C386F300C6765F /* dashboardVC */,
				F021E4FE19C37B0700C6765F /* loginVC */,
				F0E2D01119BB394E000D22B6 /* Main.storyboard */,
				F0EE017019C1E04000C4EE2D /* addPostit.h */,
				F0EE017119C1E04000C4EE2D /* addPostit.m */,
				F021E50D19C42EEC00C6765F /* Map */,
				F052CCF719C0365B00A82D01 /* tableVC.h */,
				F052CCF819C0365B00A82D01 /* tableVC.m */,
				F0E2D01419BB394E000D22B6 /* ViewController.h */,
				F0E2D01519BB394E000D22B6 /* ViewController.m */,
				F0E2D01719BB394E000D22B6 /* Images.xcassets */,
				F0E2D00619BB394E000D22B6 /* Supporting Files */,
			);
			path = OpenCity;
			sourceTree = "<group>";
		};
		F0E2D00619BB394E000D22B6 /* Supporting Files */ = {
			isa = PBXGroup;
			children = (
				F0E2D00719BB394E000D22B6 /* OpenCity-Info.plist */,
				F0E2D00819BB394E000D22B6 /* InfoPlist.strings */,
				F0E2D00B19BB394E000D22B6 /* main.m */,
				F0E2D00D19BB394E000D22B6 /* OpenCity-Prefix.pch */,
			);
			name = "Supporting Files";
			sourceTree = "<group>";
		};
		F0E2D02419BB394E000D22B6 /* OpenCityTests */ = {
			isa = PBXGroup;
			children = (
				F0E2D02A19BB394E000D22B6 /* OpenCityTests.m */,
				F0E2D02519BB394E000D22B6 /* Supporting Files */,
			);
			path = OpenCityTests;
			sourceTree = "<group>";
		};
		F0E2D02519BB394E000D22B6 /* Supporting Files */ = {
			isa = PBXGroup;
			children = (
				F0E2D02619BB394E000D22B6 /* OpenCityTests-Info.plist */,
				F0E2D02719BB394E000D22B6 /* InfoPlist.strings */,
			);
			name = "Supporting Files";
			sourceTree = "<group>";
		};
		F0EE011F19C191FE00C4EE2D /* AFNetworking */ = {
			isa = PBXGroup;
			children = (
				F0EE013919C1921600C4EE2D /* AFHTTPRequestOperation.h */,
				F0EE013A19C1921600C4EE2D /* AFHTTPRequestOperation.m */,
				F0EE013B19C1921600C4EE2D /* AFHTTPRequestOperationManager.h */,
				F0EE013C19C1921600C4EE2D /* AFHTTPRequestOperationManager.m */,
				F0EE013D19C1921600C4EE2D /* AFHTTPSessionManager.h */,
				F0EE013E19C1921600C4EE2D /* AFHTTPSessionManager.m */,
				F0EE013F19C1921600C4EE2D /* AFNetworking.h */,
				F0EE014019C1921600C4EE2D /* AFNetworkReachabilityManager.h */,
				F0EE014119C1921600C4EE2D /* AFNetworkReachabilityManager.m */,
				F0EE014219C1921600C4EE2D /* AFSecurityPolicy.h */,
				F0EE014319C1921600C4EE2D /* AFSecurityPolicy.m */,
				F0EE014419C1921600C4EE2D /* AFURLConnectionOperation.h */,
				F0EE014519C1921600C4EE2D /* AFURLConnectionOperation.m */,
				F0EE014619C1921600C4EE2D /* AFURLRequestSerialization.h */,
				F0EE014719C1921600C4EE2D /* AFURLRequestSerialization.m */,
				F0EE014819C1921600C4EE2D /* AFURLResponseSerialization.h */,
				F0EE014919C1921600C4EE2D /* AFURLResponseSerialization.m */,
				F0EE014A19C1921600C4EE2D /* AFURLSessionManager.h */,
				F0EE014B19C1921600C4EE2D /* AFURLSessionManager.m */,
				F0EE012019C1920D00C4EE2D /* AFNetworkActivityIndicatorManager.h */,
				F0EE012119C1920D00C4EE2D /* AFNetworkActivityIndicatorManager.m */,
				F0EE012219C1920D00C4EE2D /* UIActivityIndicatorView+AFNetworking.h */,
				F0EE012319C1920D00C4EE2D /* UIActivityIndicatorView+AFNetworking.m */,
				F0EE012419C1920D00C4EE2D /* UIAlertView+AFNetworking.h */,
				F0EE012519C1920D00C4EE2D /* UIAlertView+AFNetworking.m */,
				F0EE012619C1920D00C4EE2D /* UIButton+AFNetworking.h */,
				F0EE012719C1920D00C4EE2D /* UIButton+AFNetworking.m */,
				F0EE012819C1920D00C4EE2D /* UIImageView+AFNetworking.h */,
				F0EE012919C1920D00C4EE2D /* UIImageView+AFNetworking.m */,
				F0EE012A19C1920D00C4EE2D /* UIKit+AFNetworking.h */,
				F0EE012B19C1920D00C4EE2D /* UIProgressView+AFNetworking.h */,
				F0EE012C19C1920D00C4EE2D /* UIProgressView+AFNetworking.m */,
				F0EE012D19C1920D00C4EE2D /* UIRefreshControl+AFNetworking.h */,
				F0EE012E19C1920D00C4EE2D /* UIRefreshControl+AFNetworking.m */,
				F0EE012F19C1920D00C4EE2D /* UIWebView+AFNetworking.h */,
				F0EE013019C1920D00C4EE2D /* UIWebView+AFNetworking.m */,
			);
			name = AFNetworking;
			sourceTree = "<group>";
		};
/* End PBXGroup section */

/* Begin PBXNativeTarget section */
		F0E2CFFB19BB394E000D22B6 /* OpenCity */ = {
			isa = PBXNativeTarget;
			buildConfigurationList = F0E2D02E19BB394E000D22B6 /* Build configuration list for PBXNativeTarget "OpenCity" */;
			buildPhases = (
				165D6C3824E64FA795F5D82F /* Check Pods Manifest.lock */,
				F0E2CFF819BB394E000D22B6 /* Sources */,
				F0E2CFF919BB394E000D22B6 /* Frameworks */,
				F0E2CFFA19BB394E000D22B6 /* Resources */,
				EC77CCE7A93742628D8A9E8D /* Copy Pods Resources */,
			);
			buildRules = (
			);
			dependencies = (
			);
			name = OpenCity;
			productName = OpenCity;
			productReference = F0E2CFFC19BB394E000D22B6 /* OpenCity.app */;
			productType = "com.apple.product-type.application";
		};
		F0E2D01C19BB394E000D22B6 /* OpenCityTests */ = {
			isa = PBXNativeTarget;
			buildConfigurationList = F0E2D03119BB394E000D22B6 /* Build configuration list for PBXNativeTarget "OpenCityTests" */;
			buildPhases = (
				F0E2D01919BB394E000D22B6 /* Sources */,
				F0E2D01A19BB394E000D22B6 /* Frameworks */,
				F0E2D01B19BB394E000D22B6 /* Resources */,
			);
			buildRules = (
			);
			dependencies = (
				F0E2D02319BB394E000D22B6 /* PBXTargetDependency */,
			);
			name = OpenCityTests;
			productName = OpenCityTests;
			productReference = F0E2D01D19BB394E000D22B6 /* OpenCityTests.xctest */;
			productType = "com.apple.product-type.bundle.unit-test";
		};
/* End PBXNativeTarget section */

/* Begin PBXProject section */
		F0E2CFF419BB394E000D22B6 /* Project object */ = {
			isa = PBXProject;
			attributes = {
				LastUpgradeCheck = 0510;
				ORGANIZATIONNAME = com.iosHello;
				TargetAttributes = {
					F0E2D01C19BB394E000D22B6 = {
						TestTargetID = F0E2CFFB19BB394E000D22B6;
					};
				};
			};
			buildConfigurationList = F0E2CFF719BB394E000D22B6 /* Build configuration list for PBXProject "OpenCity" */;
			compatibilityVersion = "Xcode 3.2";
			developmentRegion = English;
			hasScannedForEncodings = 0;
			knownRegions = (
				en,
				Base,
			);
			mainGroup = F0E2CFF319BB394E000D22B6;
			productRefGroup = F0E2CFFD19BB394E000D22B6 /* Products */;
			projectDirPath = "";
			projectRoot = "";
			targets = (
				F0E2CFFB19BB394E000D22B6 /* OpenCity */,
				F0E2D01C19BB394E000D22B6 /* OpenCityTests */,
			);
		};
/* End PBXProject section */

/* Begin PBXResourcesBuildPhase section */
		F0E2CFFA19BB394E000D22B6 /* Resources */ = {
			isa = PBXResourcesBuildPhase;
			buildActionMask = 2147483647;
			files = (
				F052CCCC19BF3D8300A82D01 /* OpenCity-Icon-29.png in Resources */,
				F021E51519C42F7E00C6765F /* thumb_up.png in Resources */,
				F052CCD319BF3D8300A82D01 /* OpenCity-Icon-60.png in Resources */,
				F021E50C19C38EB400C6765F /* arrow103bot.png in Resources */,
				F052CCD119BF3D8300A82D01 /* OpenCity-Icon-57.png in Resources */,
				F052CCDA19BF3D8300A82D01 /* OpenCity-Icon-320.png in Resources */,
				F052CCDD19BF3D8300A82D01 /* OpenCity-Icon-1024.png in Resources */,
				F052CCCF19BF3D8300A82D01 /* OpenCity-Icon-48.png in Resources */,
				F0EE016F19C1DC2C00C4EE2D /* login-bg.jpg in Resources */,
				F052CCD819BF3D8300A82D01 /* OpenCity-Icon-114.png in Resources */,
				F021E51719C434F000C6765F /* social77.png in Resources */,
				F052CCF019BF53F800A82D01 /* background.png in Resources */,
				F052CD0E19C06F7800A82D01 /* backgroundLogin.jpg in Resources */,
				F052CCD619BF3D8300A82D01 /* OpenCity-Icon-96.png in Resources */,
				F0EE016D19C1CBF700C4EE2D /* lyon-partdieu.gpx in Resources */,
				F021E52319C454CB00C6765F /* viewPostitCV.xib in Resources */,
				F052CCCE19BF3D8300A82D01 /* OpenCity-Icon-40.png in Resources */,
				F021E51419C42F7E00C6765F /* thumb_down.png in Resources */,
				F052CD0619C0523800A82D01 /* placeholder.gif in Resources */,
				F021E4F919C375B000C6765F /* takePicture.xib in Resources */,
				F021E4F419C336A200C6765F /* createAccount.xib in Resources */,
				F052CCDC19BF3D8300A82D01 /* OpenCity-Icon-640.png in Resources */,
				F052CD0219C04CC300A82D01 /* dashboard-icon.png in Resources */,
				F0E2D01819BB394E000D22B6 /* Images.xcassets in Resources */,
				F052CCD519BF3D8300A82D01 /* OpenCity-Icon-72.png in Resources */,
				F052CCDB19BF3D8300A82D01 /* OpenCity-Icon-512.png in Resources */,
				F052CC7419BF396F00A82D01 /* OpenCity-Icon.png in Resources */,
				F052CD0419C0517B00A82D01 /* map.png in Resources */,
				F052CC7219BF2D2C00A82D01 /* OpenCity-Logo.png in Resources */,
				F021E51319C42F7E00C6765F /* grey_thumb_up.png in Resources */,
				F052CCD919BF3D8300A82D01 /* OpenCity-Icon-144.png in Resources */,
				F052CCCD19BF3D8300A82D01 /* OpenCity-Icon-30.png in Resources */,
				F021E51219C42F7E00C6765F /* grey_thumb_down.png in Resources */,
				F052CCD719BF3D8300A82D01 /* OpenCity-Icon-100.png in Resources */,
				F0E2D00A19BB394E000D22B6 /* InfoPlist.strings in Resources */,
				F052CCCB19BF3D8300A82D01 /* OpenCity-Icon-20.png in Resources */,
				F0E2D01319BB394E000D22B6 /* Main.storyboard in Resources */,
				F021E50319C3875B00C6765F /* dashboardVC.xib in Resources */,
				F021E51B19C43A3B00C6765F /* arrow408.png in Resources */,
				F021E50019C3817A00C6765F /* dashboard-bg.png in Resources */,
				F0551FDC19C2E9FF001F817D /* addPostitCView.xib in Resources */,
				F052CCD019BF3D8300A82D01 /* OpenCity-Icon-50.png in Resources */,
				F052CD0019C049F800A82D01 /* reveal-icon.png in Resources */,
				F052CCD219BF3D8300A82D01 /* OpenCity-Icon-58.png in Resources */,
				F021E50A19C3899100C6765F /* arrow103.png in Resources */,
				F0F3A00619BE3CC400CCDCB8 /* GoogleMaps.bundle in Resources */,
				F021E50819C3894900C6765F /* collapse3.png in Resources */,
				F052CCD419BF3D8300A82D01 /* OpenCity-Icon-64.png in Resources */,
			);
			runOnlyForDeploymentPostprocessing = 0;
		};
		F0E2D01B19BB394E000D22B6 /* Resources */ = {
			isa = PBXResourcesBuildPhase;
			buildActionMask = 2147483647;
			files = (
				F0E2D02919BB394E000D22B6 /* InfoPlist.strings in Resources */,
			);
			runOnlyForDeploymentPostprocessing = 0;
		};
/* End PBXResourcesBuildPhase section */

/* Begin PBXShellScriptBuildPhase section */
		165D6C3824E64FA795F5D82F /* Check Pods Manifest.lock */ = {
			isa = PBXShellScriptBuildPhase;
			buildActionMask = 2147483647;
			files = (
			);
			inputPaths = (
			);
			name = "Check Pods Manifest.lock";
			outputPaths = (
			);
			runOnlyForDeploymentPostprocessing = 0;
			shellPath = /bin/sh;
			shellScript = "diff \"${PODS_ROOT}/../Podfile.lock\" \"${PODS_ROOT}/Manifest.lock\" > /dev/null\nif [[ $? != 0 ]] ; then\n    cat << EOM\nerror: The sandbox is not in sync with the Podfile.lock. Run 'pod install' or update your CocoaPods installation.\nEOM\n    exit 1\nfi\n";
			showEnvVarsInLog = 0;
		};
		EC77CCE7A93742628D8A9E8D /* Copy Pods Resources */ = {
			isa = PBXShellScriptBuildPhase;
			buildActionMask = 2147483647;
			files = (
			);
			inputPaths = (
			);
			name = "Copy Pods Resources";
			outputPaths = (
			);
			runOnlyForDeploymentPostprocessing = 0;
			shellPath = /bin/sh;
			shellScript = "\"${SRCROOT}/Pods/Pods-resources.sh\"\n";
			showEnvVarsInLog = 0;
		};
/* End PBXShellScriptBuildPhase section */

/* Begin PBXSourcesBuildPhase section */
		F0E2CFF819BB394E000D22B6 /* Sources */ = {
			isa = PBXSourcesBuildPhase;
			buildActionMask = 2147483647;
			files = (
				F052CD0C19C06F3E00A82D01 /* loginViewController.m in Sources */,
				F0E2D01619BB394E000D22B6 /* ViewController.m in Sources */,
				F0EE016019C1B40C00C4EE2D /* dataClass.m in Sources */,
				F0EE013819C1920D00C4EE2D /* UIWebView+AFNetworking.m in Sources */,
				F0EE014E19C1921600C4EE2D /* AFHTTPSessionManager.m in Sources */,
				F0E2D01019BB394E000D22B6 /* AppDelegate.m in Sources */,
				F0EE014F19C1921600C4EE2D /* AFNetworkReachabilityManager.m in Sources */,
				F0EE014C19C1921600C4EE2D /* AFHTTPRequestOperation.m in Sources */,
				F0EE015219C1921600C4EE2D /* AFURLRequestSerialization.m in Sources */,
				F021E50619C3882400C6765F /* dashboardCV.m in Sources */,
				F0EE015119C1921600C4EE2D /* AFURLConnectionOperation.m in Sources */,
				F0EE017219C1E04000C4EE2D /* addPostit.m in Sources */,
				F0EE015419C1921600C4EE2D /* AFURLSessionManager.m in Sources */,
				F0E2D00C19BB394E000D22B6 /* main.m in Sources */,
				F0EE013319C1920D00C4EE2D /* UIAlertView+AFNetworking.m in Sources */,
				F021E4FD19C375E100C6765F /* takePictureCV.m in Sources */,
				F0EE013419C1920D00C4EE2D /* UIButton+AFNetworking.m in Sources */,
				F021E52619C454F900C6765F /* viewPostit.m in Sources */,
				F0EE013119C1920D00C4EE2D /* AFNetworkActivityIndicatorManager.m in Sources */,
				F0EE013519C1920D00C4EE2D /* UIImageView+AFNetworking.m in Sources */,
				F0EE013719C1920D00C4EE2D /* UIRefreshControl+AFNetworking.m in Sources */,
				F052CCFC19C03C8300A82D01 /* mainViewController.m in Sources */,
				F0EE013219C1920D00C4EE2D /* UIActivityIndicatorView+AFNetworking.m in Sources */,
				F052CCF919C0365B00A82D01 /* tableVC.m in Sources */,
				F021E52119C4528C00C6765F /* customMarker.m in Sources */,
				F021E4F719C3381800C6765F /* createAccount.m in Sources */,
				F0EE015019C1921600C4EE2D /* AFSecurityPolicy.m in Sources */,
				F052CCE319BF49F700A82D01 /* SWRevealViewController.m in Sources */,
				F0551FDF19C2EB4D001F817D /* addPostitCVxib.m in Sources */,
				F0EE014D19C1921600C4EE2D /* AFHTTPRequestOperationManager.m in Sources */,
				F0EE015B19C19BE500C4EE2D /* mapView.m in Sources */,
				F0EE013619C1920D00C4EE2D /* UIProgressView+AFNetworking.m in Sources */,
				F0EE016919C1C0D800C4EE2D /* locationVC.m in Sources */,
				F0EE015319C1921600C4EE2D /* AFURLResponseSerialization.m in Sources */,
			);
			runOnlyForDeploymentPostprocessing = 0;
		};
		F0E2D01919BB394E000D22B6 /* Sources */ = {
			isa = PBXSourcesBuildPhase;
			buildActionMask = 2147483647;
			files = (
				F0E2D02B19BB394E000D22B6 /* OpenCityTests.m in Sources */,
			);
			runOnlyForDeploymentPostprocessing = 0;
		};
/* End PBXSourcesBuildPhase section */

/* Begin PBXTargetDependency section */
		F0E2D02319BB394E000D22B6 /* PBXTargetDependency */ = {
			isa = PBXTargetDependency;
			target = F0E2CFFB19BB394E000D22B6 /* OpenCity */;
			targetProxy = F0E2D02219BB394E000D22B6 /* PBXContainerItemProxy */;
		};
/* End PBXTargetDependency section */

/* Begin PBXVariantGroup section */
		F0E2D00819BB394E000D22B6 /* InfoPlist.strings */ = {
			isa = PBXVariantGroup;
			children = (
				F0E2D00919BB394E000D22B6 /* en */,
			);
			name = InfoPlist.strings;
			sourceTree = "<group>";
		};
		F0E2D01119BB394E000D22B6 /* Main.storyboard */ = {
			isa = PBXVariantGroup;
			children = (
				F0E2D01219BB394E000D22B6 /* Base */,
			);
			name = Main.storyboard;
			sourceTree = "<group>";
		};
		F0E2D02719BB394E000D22B6 /* InfoPlist.strings */ = {
			isa = PBXVariantGroup;
			children = (
				F0E2D02819BB394E000D22B6 /* en */,
			);
			name = InfoPlist.strings;
			sourceTree = "<group>";
		};
/* End PBXVariantGroup section */

/* Begin XCBuildConfiguration section */
		F0E2D02C19BB394E000D22B6 /* Debug */ = {
			isa = XCBuildConfiguration;
			buildSettings = {
				ALWAYS_SEARCH_USER_PATHS = NO;
				CLANG_CXX_LANGUAGE_STANDARD = "gnu++0x";
				CLANG_CXX_LIBRARY = "libc++";
				CLANG_ENABLE_MODULES = YES;
				CLANG_ENABLE_OBJC_ARC = YES;
				CLANG_WARN_BOOL_CONVERSION = YES;
				CLANG_WARN_CONSTANT_CONVERSION = YES;
				CLANG_WARN_DIRECT_OBJC_ISA_USAGE = YES_ERROR;
				CLANG_WARN_EMPTY_BODY = YES;
				CLANG_WARN_ENUM_CONVERSION = YES;
				CLANG_WARN_INT_CONVERSION = YES;
				CLANG_WARN_OBJC_ROOT_CLASS = YES_ERROR;
				CLANG_WARN__DUPLICATE_METHOD_MATCH = YES;
				"CODE_SIGN_IDENTITY[sdk=iphoneos*]" = "iPhone Developer";
				COPY_PHASE_STRIP = NO;
				GCC_C_LANGUAGE_STANDARD = gnu99;
				GCC_DYNAMIC_NO_PIC = NO;
				GCC_OPTIMIZATION_LEVEL = 0;
				GCC_PREPROCESSOR_DEFINITIONS = (
					"DEBUG=1",
					"$(inherited)",
				);
				GCC_SYMBOLS_PRIVATE_EXTERN = NO;
				GCC_WARN_64_TO_32_BIT_CONVERSION = YES;
				GCC_WARN_ABOUT_RETURN_TYPE = YES_ERROR;
				GCC_WARN_UNDECLARED_SELECTOR = YES;
				GCC_WARN_UNINITIALIZED_AUTOS = YES_AGGRESSIVE;
				GCC_WARN_UNUSED_FUNCTION = YES;
				GCC_WARN_UNUSED_VARIABLE = YES;
				IPHONEOS_DEPLOYMENT_TARGET = 7.1;
				ONLY_ACTIVE_ARCH = YES;
				OTHER_LDFLAGS = "-ObjC";
				SDKROOT = iphoneos;
			};
			name = Debug;
		};
		F0E2D02D19BB394E000D22B6 /* Release */ = {
			isa = XCBuildConfiguration;
			buildSettings = {
				ALWAYS_SEARCH_USER_PATHS = NO;
				CLANG_CXX_LANGUAGE_STANDARD = "gnu++0x";
				CLANG_CXX_LIBRARY = "libc++";
				CLANG_ENABLE_MODULES = YES;
				CLANG_ENABLE_OBJC_ARC = YES;
				CLANG_WARN_BOOL_CONVERSION = YES;
				CLANG_WARN_CONSTANT_CONVERSION = YES;
				CLANG_WARN_DIRECT_OBJC_ISA_USAGE = YES_ERROR;
				CLANG_WARN_EMPTY_BODY = YES;
				CLANG_WARN_ENUM_CONVERSION = YES;
				CLANG_WARN_INT_CONVERSION = YES;
				CLANG_WARN_OBJC_ROOT_CLASS = YES_ERROR;
				CLANG_WARN__DUPLICATE_METHOD_MATCH = YES;
				"CODE_SIGN_IDENTITY[sdk=iphoneos*]" = "iPhone Developer";
				COPY_PHASE_STRIP = YES;
				ENABLE_NS_ASSERTIONS = NO;
				GCC_C_LANGUAGE_STANDARD = gnu99;
				GCC_WARN_64_TO_32_BIT_CONVERSION = YES;
				GCC_WARN_ABOUT_RETURN_TYPE = YES_ERROR;
				GCC_WARN_UNDECLARED_SELECTOR = YES;
				GCC_WARN_UNINITIALIZED_AUTOS = YES_AGGRESSIVE;
				GCC_WARN_UNUSED_FUNCTION = YES;
				GCC_WARN_UNUSED_VARIABLE = YES;
				IPHONEOS_DEPLOYMENT_TARGET = 7.1;
				OTHER_LDFLAGS = "-ObjC";
				SDKROOT = iphoneos;
				VALIDATE_PRODUCT = YES;
			};
			name = Release;
		};
		F0E2D02F19BB394E000D22B6 /* Debug */ = {
			isa = XCBuildConfiguration;
			baseConfigurationReference = 6BE1CE8E80F249D68C930DCA /* Pods.xcconfig */;
			buildSettings = {
				ASSETCATALOG_COMPILER_APPICON_NAME = AppIcon;
				ASSETCATALOG_COMPILER_LAUNCHIMAGE_NAME = LaunchImage;
				CODE_SIGN_IDENTITY = "iPhone Developer";
				FRAMEWORK_SEARCH_PATHS = (
					"$(inherited)",
					"$(PROJECT_DIR)",
					/Users/Apollo/Documents/FacebookSDK,
				);
				GCC_PRECOMPILE_PREFIX_HEADER = YES;
				GCC_PREFIX_HEADER = "OpenCity/OpenCity-Prefix.pch";
				INFOPLIST_FILE = "OpenCity/OpenCity-Info.plist";
				IPHONEOS_DEPLOYMENT_TARGET = 7.1;
				PRODUCT_NAME = "$(TARGET_NAME)";
				WRAPPER_EXTENSION = app;
			};
			name = Debug;
		};
		F0E2D03019BB394E000D22B6 /* Release */ = {
			isa = XCBuildConfiguration;
			baseConfigurationReference = 6BE1CE8E80F249D68C930DCA /* Pods.xcconfig */;
			buildSettings = {
				ASSETCATALOG_COMPILER_APPICON_NAME = AppIcon;
				ASSETCATALOG_COMPILER_LAUNCHIMAGE_NAME = LaunchImage;
				CODE_SIGN_IDENTITY = "iPhone Developer";
				FRAMEWORK_SEARCH_PATHS = (
					"$(inherited)",
					"$(PROJECT_DIR)",
					/Users/Apollo/Documents/FacebookSDK,
				);
				GCC_PRECOMPILE_PREFIX_HEADER = YES;
				GCC_PREFIX_HEADER = "OpenCity/OpenCity-Prefix.pch";
				INFOPLIST_FILE = "OpenCity/OpenCity-Info.plist";
				IPHONEOS_DEPLOYMENT_TARGET = 7.1;
				PRODUCT_NAME = "$(TARGET_NAME)";
				WRAPPER_EXTENSION = app;
			};
			name = Release;
		};
		F0E2D03219BB394E000D22B6 /* Debug */ = {
			isa = XCBuildConfiguration;
			buildSettings = {
				BUNDLE_LOADER = "$(BUILT_PRODUCTS_DIR)/OpenCity.app/OpenCity";
				FRAMEWORK_SEARCH_PATHS = (
					"$(SDKROOT)/Developer/Library/Frameworks",
					"$(inherited)",
					"$(DEVELOPER_FRAMEWORKS_DIR)",
				);
				GCC_PRECOMPILE_PREFIX_HEADER = YES;
				GCC_PREFIX_HEADER = "OpenCity/OpenCity-Prefix.pch";
				GCC_PREPROCESSOR_DEFINITIONS = (
					"DEBUG=1",
					"$(inherited)",
				);
				INFOPLIST_FILE = "OpenCityTests/OpenCityTests-Info.plist";
				PRODUCT_NAME = "$(TARGET_NAME)";
				TEST_HOST = "$(BUNDLE_LOADER)";
				WRAPPER_EXTENSION = xctest;
			};
			name = Debug;
		};
		F0E2D03319BB394E000D22B6 /* Release */ = {
			isa = XCBuildConfiguration;
			buildSettings = {
				BUNDLE_LOADER = "$(BUILT_PRODUCTS_DIR)/OpenCity.app/OpenCity";
				FRAMEWORK_SEARCH_PATHS = (
					"$(SDKROOT)/Developer/Library/Frameworks",
					"$(inherited)",
					"$(DEVELOPER_FRAMEWORKS_DIR)",
				);
				GCC_PRECOMPILE_PREFIX_HEADER = YES;
				GCC_PREFIX_HEADER = "OpenCity/OpenCity-Prefix.pch";
				INFOPLIST_FILE = "OpenCityTests/OpenCityTests-Info.plist";
				PRODUCT_NAME = "$(TARGET_NAME)";
				TEST_HOST = "$(BUNDLE_LOADER)";
				WRAPPER_EXTENSION = xctest;
			};
			name = Release;
		};
/* End XCBuildConfiguration section */

/* Begin XCConfigurationList section */
		F0E2CFF719BB394E000D22B6 /* Build configuration list for PBXProject "OpenCity" */ = {
			isa = XCConfigurationList;
			buildConfigurations = (
				F0E2D02C19BB394E000D22B6 /* Debug */,
				F0E2D02D19BB394E000D22B6 /* Release */,
			);
			defaultConfigurationIsVisible = 0;
			defaultConfigurationName = Release;
		};
		F0E2D02E19BB394E000D22B6 /* Build configuration list for PBXNativeTarget "OpenCity" */ = {
			isa = XCConfigurationList;
			buildConfigurations = (
				F0E2D02F19BB394E000D22B6 /* Debug */,
				F0E2D03019BB394E000D22B6 /* Release */,
			);
			defaultConfigurationIsVisible = 0;
			defaultConfigurationName = Release;
		};
		F0E2D03119BB394E000D22B6 /* Build configuration list for PBXNativeTarget "OpenCityTests" */ = {
			isa = XCConfigurationList;
			buildConfigurations = (
				F0E2D03219BB394E000D22B6 /* Debug */,
				F0E2D03319BB394E000D22B6 /* Release */,
			);
			defaultConfigurationIsVisible = 0;
			defaultConfigurationName = Release;
		};
/* End XCConfigurationList section */
	};
	rootObject = F0E2CFF419BB394E000D22B6 /* Project object */;
}
